
Microsoft Visual Studio Solution File, Format Version 12.00
# Visual Studio 14
VisualStudioVersion = 14.0.25420.1
MinimumVisualStudioVersion = 10.0.40219.1
Project("{2150E333-8FDC-42A3-9474-1A3956D46DE8}") = "Core.API.DataAccess", "Core.API.DataAccess", "{542F9A76-7D4C-4E3C-A451-13F7EAB5FF89}"
EndProject
Project("{2150E333-8FDC-42A3-9474-1A3956D46DE8}") = "Core.API.EntityModel", "Core.API.EntityModel", "{0EA307B7-50E5-4CDB-A1B8-446D9021E057}"
EndProject
Project("{2150E333-8FDC-42A3-9474-1A3956D46DE8}") = "Core.API.Helpers", "Core.API.Helpers", "{4758E9EA-48F4-4CF0-BA7B-9F9FDBB9D596}"
EndProject
Project("{2150E333-8FDC-42A3-9474-1A3956D46DE8}") = "Core.API.TLSettings", "Core.API.TLSettings", "{48B38BE6-B757-4EE6-A5FE-C6657BE60086}"
EndProject
Project("{2150E333-8FDC-42A3-9474-1A3956D46DE8}") = "Core.API.Utilities", "Core.API.Utilities", "{AA433ADD-A698-47F3-B0B6-5BBA8B694E7F}"
EndProject
Project("{2150E333-8FDC-42A3-9474-1A3956D46DE8}") = "Database", "Database", "{8D885953-57F8-4A10-8683-8F5481001C08}"
EndProject
Project("{2150E333-8FDC-42A3-9474-1A3956D46DE8}") = "MSMQ", "MSMQ", "{1B0DFB9D-A223-4ECB-86EE-F286C14BFD60}"
EndProject
Project("{2150E333-8FDC-42A3-9474-1A3956D46DE8}") = "Services", "Services", "{272A097E-CC63-497C-87AE-0B0202A2D0F4}"
EndProject
Project("{2150E333-8FDC-42A3-9474-1A3956D46DE8}") = "Test", "Test", "{55A59AEF-C7C7-4E08-B554-80532A7A9B54}"
EndProject
Project("{2150E333-8FDC-42A3-9474-1A3956D46DE8}") = "Core.API.SQL", "Core.API.SQL", "{1387AC21-0A31-4D96-8064-916E267FD3EC}"
EndProject
Project("{2150E333-8FDC-42A3-9474-1A3956D46DE8}") = "Core.API.MSMQ", "Core.API.MSMQ", "{BA1F07DA-F9E7-4995-B41A-CAC86C4368E9}"
EndProject
Project("{2150E333-8FDC-42A3-9474-1A3956D46DE8}") = "Core.API.MSMQMessageBuilder", "Core.API.MSMQMessageBuilder", "{222FAA23-16EF-4E41-AA74-65AF1AA1115B}"
EndProject
Project("{2150E333-8FDC-42A3-9474-1A3956D46DE8}") = "ConfigService", "ConfigService", "{44921A61-498F-4E97-8841-0C85E8F2C9A1}"
EndProject
Project("{2150E333-8FDC-42A3-9474-1A3956D46DE8}") = "DocumentService", "DocumentService", "{9F5BDACA-6F40-4F67-920E-2CA654566EC8}"
EndProject
Project("{2150E333-8FDC-42A3-9474-1A3956D46DE8}") = "MessagingService", "MessagingService", "{FF95EFA8-53B4-402B-8489-0B9300BEE1AF}"
EndProject
Project("{2150E333-8FDC-42A3-9474-1A3956D46DE8}") = "UserService", "UserService", "{93AC4727-8FD9-40BC-AD93-17EC2702F7D3}"
EndProject
Project("{2150E333-8FDC-42A3-9474-1A3956D46DE8}") = "Core.API.ConfigSvc", "Core.API.ConfigSvc", "{96675822-02E1-4940-97F3-9087C2939DAC}"
EndProject
Project("{2150E333-8FDC-42A3-9474-1A3956D46DE8}") = "Core.API.ConfigSvcHost", "Core.API.ConfigSvcHost", "{234C140A-339F-4775-808D-5E07E68E1DE2}"
EndProject
Project("{2150E333-8FDC-42A3-9474-1A3956D46DE8}") = "Core.API.DocumentSvc", "Core.API.DocumentSvc", "{70B1EC7E-3827-4DE4-A7AD-A7066123DF0F}"
EndProject
Project("{2150E333-8FDC-42A3-9474-1A3956D46DE8}") = "Core.API.DocumentSvcHost", "Core.API.DocumentSvcHost", "{BB5B783F-4CAB-48BE-9249-C49B3140C429}"
EndProject
Project("{2150E333-8FDC-42A3-9474-1A3956D46DE8}") = "Core.API.MessagingSvc", "Core.API.MessagingSvc", "{DA536598-41DA-4F66-B9CE-FDCD85AEB36A}"
EndProject
Project("{2150E333-8FDC-42A3-9474-1A3956D46DE8}") = "Core.API.MessagingSvcHost", "Core.API.MessagingSvcHost", "{5E45618E-0479-401B-AF3A-057C0A9DBC6A}"
EndProject
Project("{2150E333-8FDC-42A3-9474-1A3956D46DE8}") = "Core.API.UserSvc", "Core.API.UserSvc", "{32F34DAF-89E6-4544-8D4D-791ACE54A4C1}"
EndProject
Project("{2150E333-8FDC-42A3-9474-1A3956D46DE8}") = "Core.API.UserSvcHost", "Core.API.UserSvcHost", "{C1763D83-E1F5-4014-8FEB-DF20F6437D28}"
EndProject
Project("{2150E333-8FDC-42A3-9474-1A3956D46DE8}") = "Core.API.ConfigSvc.Test", "Core.API.ConfigSvc.Test", "{9B403B72-AD56-477D-9ED3-5A6EBBD94D81}"
EndProject
Project("{2150E333-8FDC-42A3-9474-1A3956D46DE8}") = "Core.API.DocSvc.Test", "Core.API.DocSvc.Test", "{4B1D937E-D87E-4DE3-849D-74C7A3117A8E}"
EndProject
Project("{2150E333-8FDC-42A3-9474-1A3956D46DE8}") = "Core.API.MSMQ.Test", "Core.API.MSMQ.Test", "{66665541-89C5-497F-99A1-A9361B3C05A3}"
EndProject
Project("{2150E333-8FDC-42A3-9474-1A3956D46DE8}") = "Core.API.Services.Test", "Core.API.Services.Test", "{B117C72B-26CF-4B86-B9B5-25CEFFAD1583}"
EndProject
Project("{2150E333-8FDC-42A3-9474-1A3956D46DE8}") = "Core.API.UserSvc.Test", "Core.API.UserSvc.Test", "{DC1E8F06-A726-45B4-8FFE-AA52A8C380FA}"
EndProject
Project("{2150E333-8FDC-42A3-9474-1A3956D46DE8}") = "Core.API.Utilities.Test", "Core.API.Utilities.Test", "{8F0D6AFA-D7C7-4884-AE40-634CEA0D7FE0}"
EndProject
Project("{FAE04EC0-301F-11D3-BF4B-00C04F79EFBC}") = "Core.API.DataAccess", "Core.API.DataAccess\Core.API.DataAccess.csproj", "{4BE8EAB6-1AE5-4D19-BB96-448567BAA1BC}"
EndProject
Project("{FAE04EC0-301F-11D3-BF4B-00C04F79EFBC}") = "Core.API.EntityModel", "Core.API.EntityModel\Core.API.EntityModel.csproj", "{5F8A3C24-3641-4133-A0F1-99C09D6B8EB8}"
EndProject
Project("{FAE04EC0-301F-11D3-BF4B-00C04F79EFBC}") = "Core.API.Helpers", "Core.API.Helpers\Core.API.Helpers.csproj", "{9B9BCFBF-3DAB-4A86-B3FA-E83632839B5A}"
EndProject
Project("{FAE04EC0-301F-11D3-BF4B-00C04F79EFBC}") = "Core.API.TLSettings", "Core.API.TLSettings\Core.API.TLSettings.csproj", "{FFA0063F-1AAE-4384-98ED-368A1FC45333}"
EndProject
Project("{FAE04EC0-301F-11D3-BF4B-00C04F79EFBC}") = "Core.API.Utilities", "Core.API.Utilities\Core.API.Utilities.csproj", "{36620B1E-9BD8-4607-978B-1868C3E164C1}"
EndProject
Project("{00D1A9C2-B5F0-4AF3-8072-F6C62B433612}") = "Core.API.SQL", "Database\Core.API.SQL\Core.API.SQL.sqlproj", "{44D580C6-0BA4-4F83-98E7-903F4E0EC917}"
EndProject
Project("{FAE04EC0-301F-11D3-BF4B-00C04F79EFBC}") = "Core.API.MSMQ", "MSMQ\Core.API.MSMQ\Core.API.MSMQ.csproj", "{27152650-E545-4195-85D2-68AAE5F13025}"
EndProject
Project("{FAE04EC0-301F-11D3-BF4B-00C04F79EFBC}") = "Core.API.MSMQMessageBuilder", "MSMQ\Core.API.MSMQMessageBuilder\Core.API.MSMQMessageBuilder.csproj", "{C1BB882F-2B48-46FA-843D-A90372EEE76A}"
EndProject
Project("{FAE04EC0-301F-11D3-BF4B-00C04F79EFBC}") = "Core.API.ConfigSvc", "Services\ConfigService\Core.API.ConfigSvc\Core.API.ConfigSvc.csproj", "{F11FDD73-1A22-4D3A-871D-B6132717530B}"
EndProject
Project("{FAE04EC0-301F-11D3-BF4B-00C04F79EFBC}") = "Core.API.ConfigSvcHost", "Services\ConfigService\Core.API.ConfigSvcHost\Core.API.ConfigSvcHost.csproj", "{9C5DF692-59D5-4B67-B42A-217C18BA8AA6}"
EndProject
Project("{FAE04EC0-301F-11D3-BF4B-00C04F79EFBC}") = "Core.API.DocumentSvc", "Services\DocumentService\Core.API.DocumentSvc\Core.API.DocumentSvc.csproj", "{15B3E0D2-6217-493A-A690-158C497F5318}"
EndProject
Project("{FAE04EC0-301F-11D3-BF4B-00C04F79EFBC}") = "Core.API.DocumentSvcHost", "Services\DocumentService\Core.API.DocumentSvcHost\Core.API.DocumentSvcHost.csproj", "{167CF360-E5D5-498C-B09B-E4B333DA500D}"
EndProject
Project("{FAE04EC0-301F-11D3-BF4B-00C04F79EFBC}") = "Core.API.MessagingSvc", "Services\MessagingService\Core.API.MessagingSvc\Core.API.MessagingSvc.csproj", "{3C274BA4-8605-4871-8655-82134905F9E2}"
EndProject
Project("{FAE04EC0-301F-11D3-BF4B-00C04F79EFBC}") = "Core.API.MessagingSvcHost", "Services\MessagingService\Core.API.MessagingSvcHost\Core.API.MessagingSvcHost.csproj", "{8D93F600-F0AF-42F6-BB9C-647F5164B595}"
EndProject
Project("{FAE04EC0-301F-11D3-BF4B-00C04F79EFBC}") = "Core.API.UserSvc", "Services\UserService\Core.API.UserSvc\Core.API.UserSvc.csproj", "{D0D08B3E-6879-4A91-98A8-8AB15F7E22EA}"
EndProject
Project("{FAE04EC0-301F-11D3-BF4B-00C04F79EFBC}") = "Core.API.UserSvcHost", "Services\UserService\Core.API.UserSvcHost\Core.API.UserSvcHost.csproj", "{00A7096D-2188-4B66-910C-379A0EF38067}"
EndProject
Project("{FAE04EC0-301F-11D3-BF4B-00C04F79EFBC}") = "Core.API.ConfigSvc.Test", "Test\Core.API.ConfigSvc.Test\Core.API.ConfigSvc.Test.csproj", "{77B60835-2875-4218-944B-2E41C647996C}"
EndProject
Project("{FAE04EC0-301F-11D3-BF4B-00C04F79EFBC}") = "Core.API.DocSvc.Test", "Test\Core.API.DocSvc.Test\Core.API.DocSvc.Test.csproj", "{5A49080A-BB05-4708-B3D2-58AAC7C98DFF}"
EndProject
Project("{FAE04EC0-301F-11D3-BF4B-00C04F79EFBC}") = "Core.API.MSMQ.Test", "Test\Core.API.MSMQ.Test\Core.API.MSMQ.Test.csproj", "{2EBEB47E-1810-4430-953F-010A623F8F6A}"
EndProject
Project("{FAE04EC0-301F-11D3-BF4B-00C04F79EFBC}") = "Core.API.Services.Test", "Test\Core.API.Services.Test\Core.API.Services.Test.csproj", "{5DFFDFA9-7F2F-4CD1-B0DA-DFFF236140B8}"
EndProject
Project("{FAE04EC0-301F-11D3-BF4B-00C04F79EFBC}") = "Core.API.UserSvc.Test", "Test\Core.API.UserSvc.Test\Core.API.UserSvc.Test.csproj", "{231BA794-AE8D-4A37-A283-245800D498BB}"
EndProject
Project("{FAE04EC0-301F-11D3-BF4B-00C04F79EFBC}") = "Core.API.Utilities.Test", "Test\Core.API.Utilities.Test\Core.API.Utilities.Test.csproj", "{76CC3CAE-D289-476D-837D-2732DA8967F8}"
EndProject
Global
	GlobalSection(SolutionConfigurationPlatforms) = preSolution
		Debug|Any CPU = Debug|Any CPU
		Debug|Mixed Platforms = Debug|Mixed Platforms
		Debug|x86 = Debug|x86
		Release|Any CPU = Release|Any CPU
		Release|Mixed Platforms = Release|Mixed Platforms
		Release|x86 = Release|x86
	EndGlobalSection
	GlobalSection(ProjectConfigurationPlatforms) = postSolution
		{4BE8EAB6-1AE5-4D19-BB96-448567BAA1BC}.Debug|Any CPU.ActiveCfg = Debug|Any CPU
		{4BE8EAB6-1AE5-4D19-BB96-448567BAA1BC}.Debug|Any CPU.Build.0 = Debug|Any CPU
		{4BE8EAB6-1AE5-4D19-BB96-448567BAA1BC}.Debug|Mixed Platforms.ActiveCfg = Debug|Any CPU
		{4BE8EAB6-1AE5-4D19-BB96-448567BAA1BC}.Debug|Mixed Platforms.Build.0 = Debug|Any CPU
		{4BE8EAB6-1AE5-4D19-BB96-448567BAA1BC}.Debug|x86.ActiveCfg = Debug|Any CPU
		{4BE8EAB6-1AE5-4D19-BB96-448567BAA1BC}.Release|Any CPU.ActiveCfg = Release|Any CPU
		{4BE8EAB6-1AE5-4D19-BB96-448567BAA1BC}.Release|Any CPU.Build.0 = Release|Any CPU
		{4BE8EAB6-1AE5-4D19-BB96-448567BAA1BC}.Release|Mixed Platforms.ActiveCfg = Release|Any CPU
		{4BE8EAB6-1AE5-4D19-BB96-448567BAA1BC}.Release|Mixed Platforms.Build.0 = Release|Any CPU
		{4BE8EAB6-1AE5-4D19-BB96-448567BAA1BC}.Release|x86.ActiveCfg = Release|Any CPU
		{5F8A3C24-3641-4133-A0F1-99C09D6B8EB8}.Debug|Any CPU.ActiveCfg = Debug|Any CPU
		{5F8A3C24-3641-4133-A0F1-99C09D6B8EB8}.Debug|Any CPU.Build.0 = Debug|Any CPU
		{5F8A3C24-3641-4133-A0F1-99C09D6B8EB8}.Debug|Mixed Platforms.ActiveCfg = Debug|Any CPU
		{5F8A3C24-3641-4133-A0F1-99C09D6B8EB8}.Debug|Mixed Platforms.Build.0 = Debug|Any CPU
		{5F8A3C24-3641-4133-A0F1-99C09D6B8EB8}.Debug|x86.ActiveCfg = Debug|Any CPU
		{5F8A3C24-3641-4133-A0F1-99C09D6B8EB8}.Release|Any CPU.ActiveCfg = Release|Any CPU
		{5F8A3C24-3641-4133-A0F1-99C09D6B8EB8}.Release|Any CPU.Build.0 = Release|Any CPU
		{5F8A3C24-3641-4133-A0F1-99C09D6B8EB8}.Release|Mixed Platforms.ActiveCfg = Release|Any CPU
		{5F8A3C24-3641-4133-A0F1-99C09D6B8EB8}.Release|Mixed Platforms.Build.0 = Release|Any CPU
		{5F8A3C24-3641-4133-A0F1-99C09D6B8EB8}.Release|x86.ActiveCfg = Release|Any CPU
		{9B9BCFBF-3DAB-4A86-B3FA-E83632839B5A}.Debug|Any CPU.ActiveCfg = Debug|Any CPU
		{9B9BCFBF-3DAB-4A86-B3FA-E83632839B5A}.Debug|Any CPU.Build.0 = Debug|Any CPU
		{9B9BCFBF-3DAB-4A86-B3FA-E83632839B5A}.Debug|Mixed Platforms.ActiveCfg = Debug|Any CPU
		{9B9BCFBF-3DAB-4A86-B3FA-E83632839B5A}.Debug|Mixed Platforms.Build.0 = Debug|Any CPU
		{9B9BCFBF-3DAB-4A86-B3FA-E83632839B5A}.Debug|x86.ActiveCfg = Debug|Any CPU
		{9B9BCFBF-3DAB-4A86-B3FA-E83632839B5A}.Release|Any CPU.ActiveCfg = Release|Any CPU
		{9B9BCFBF-3DAB-4A86-B3FA-E83632839B5A}.Release|Any CPU.Build.0 = Release|Any CPU
		{9B9BCFBF-3DAB-4A86-B3FA-E83632839B5A}.Release|Mixed Platforms.ActiveCfg = Release|Any CPU
		{9B9BCFBF-3DAB-4A86-B3FA-E83632839B5A}.Release|Mixed Platforms.Build.0 = Release|Any CPU
		{9B9BCFBF-3DAB-4A86-B3FA-E83632839B5A}.Release|x86.ActiveCfg = Release|Any CPU
		{FFA0063F-1AAE-4384-98ED-368A1FC45333}.Debug|Any CPU.ActiveCfg = Debug|Any CPU
		{FFA0063F-1AAE-4384-98ED-368A1FC45333}.Debug|Any CPU.Build.0 = Debug|Any CPU
		{FFA0063F-1AAE-4384-98ED-368A1FC45333}.Debug|Mixed Platforms.ActiveCfg = Debug|Any CPU
		{FFA0063F-1AAE-4384-98ED-368A1FC45333}.Debug|Mixed Platforms.Build.0 = Debug|Any CPU
		{FFA0063F-1AAE-4384-98ED-368A1FC45333}.Debug|x86.ActiveCfg = Debug|Any CPU
		{FFA0063F-1AAE-4384-98ED-368A1FC45333}.Release|Any CPU.ActiveCfg = Release|Any CPU
		{FFA0063F-1AAE-4384-98ED-368A1FC45333}.Release|Any CPU.Build.0 = Release|Any CPU
		{FFA0063F-1AAE-4384-98ED-368A1FC45333}.Release|Mixed Platforms.ActiveCfg = Release|Any CPU
		{FFA0063F-1AAE-4384-98ED-368A1FC45333}.Release|Mixed Platforms.Build.0 = Release|Any CPU
		{FFA0063F-1AAE-4384-98ED-368A1FC45333}.Release|x86.ActiveCfg = Release|Any CPU
		{36620B1E-9BD8-4607-978B-1868C3E164C1}.Debug|Any CPU.ActiveCfg = Debug|Any CPU
		{36620B1E-9BD8-4607-978B-1868C3E164C1}.Debug|Any CPU.Build.0 = Debug|Any CPU
		{36620B1E-9BD8-4607-978B-1868C3E164C1}.Debug|Mixed Platforms.ActiveCfg = Debug|Any CPU
		{36620B1E-9BD8-4607-978B-1868C3E164C1}.Debug|Mixed Platforms.Build.0 = Debug|Any CPU
		{36620B1E-9BD8-4607-978B-1868C3E164C1}.Debug|x86.ActiveCfg = Debug|Any CPU
		{36620B1E-9BD8-4607-978B-1868C3E164C1}.Release|Any CPU.ActiveCfg = Release|Any CPU
		{36620B1E-9BD8-4607-978B-1868C3E164C1}.Release|Any CPU.Build.0 = Release|Any CPU
		{36620B1E-9BD8-4607-978B-1868C3E164C1}.Release|Mixed Platforms.ActiveCfg = Release|Any CPU
		{36620B1E-9BD8-4607-978B-1868C3E164C1}.Release|Mixed Platforms.Build.0 = Release|Any CPU
		{36620B1E-9BD8-4607-978B-1868C3E164C1}.Release|x86.ActiveCfg = Release|Any CPU
		{44D580C6-0BA4-4F83-98E7-903F4E0EC917}.Debug|Any CPU.ActiveCfg = Debug|Any CPU
		{44D580C6-0BA4-4F83-98E7-903F4E0EC917}.Debug|Any CPU.Build.0 = Debug|Any CPU
		{44D580C6-0BA4-4F83-98E7-903F4E0EC917}.Debug|Any CPU.Deploy.0 = Debug|Any CPU
		{44D580C6-0BA4-4F83-98E7-903F4E0EC917}.Debug|Mixed Platforms.ActiveCfg = Debug|Any CPU
		{44D580C6-0BA4-4F83-98E7-903F4E0EC917}.Debug|x86.ActiveCfg = Debug|Any CPU
		{44D580C6-0BA4-4F83-98E7-903F4E0EC917}.Release|Any CPU.ActiveCfg = Release|Any CPU
		{44D580C6-0BA4-4F83-98E7-903F4E0EC917}.Release|Any CPU.Build.0 = Release|Any CPU
		{44D580C6-0BA4-4F83-98E7-903F4E0EC917}.Release|Any CPU.Deploy.0 = Release|Any CPU
		{44D580C6-0BA4-4F83-98E7-903F4E0EC917}.Release|Mixed Platforms.ActiveCfg = Release|Any CPU
		{44D580C6-0BA4-4F83-98E7-903F4E0EC917}.Release|Mixed Platforms.Build.0 = Release|Any CPU
		{44D580C6-0BA4-4F83-98E7-903F4E0EC917}.Release|Mixed Platforms.Deploy.0 = Release|Any CPU
		{44D580C6-0BA4-4F83-98E7-903F4E0EC917}.Release|x86.ActiveCfg = Release|Any CPU
		{27152650-E545-4195-85D2-68AAE5F13025}.Debug|Any CPU.ActiveCfg = Debug|Any CPU
		{27152650-E545-4195-85D2-68AAE5F13025}.Debug|Any CPU.Build.0 = Debug|Any CPU
		{27152650-E545-4195-85D2-68AAE5F13025}.Debug|Mixed Platforms.ActiveCfg = Debug|Any CPU
		{27152650-E545-4195-85D2-68AAE5F13025}.Debug|Mixed Platforms.Build.0 = Debug|Any CPU
		{27152650-E545-4195-85D2-68AAE5F13025}.Debug|x86.ActiveCfg = Debug|Any CPU
		{27152650-E545-4195-85D2-68AAE5F13025}.Release|Any CPU.ActiveCfg = Release|Any CPU
		{27152650-E545-4195-85D2-68AAE5F13025}.Release|Any CPU.Build.0 = Release|Any CPU
		{27152650-E545-4195-85D2-68AAE5F13025}.Release|Mixed Platforms.ActiveCfg = Release|Any CPU
		{27152650-E545-4195-85D2-68AAE5F13025}.Release|Mixed Platforms.Build.0 = Release|Any CPU
		{27152650-E545-4195-85D2-68AAE5F13025}.Release|x86.ActiveCfg = Release|Any CPU
		{C1BB882F-2B48-46FA-843D-A90372EEE76A}.Debug|Any CPU.ActiveCfg = Debug|Any CPU
		{C1BB882F-2B48-46FA-843D-A90372EEE76A}.Debug|Any CPU.Build.0 = Debug|Any CPU
		{C1BB882F-2B48-46FA-843D-A90372EEE76A}.Debug|Mixed Platforms.ActiveCfg = Debug|Any CPU
		{C1BB882F-2B48-46FA-843D-A90372EEE76A}.Debug|Mixed Platforms.Build.0 = Debug|Any CPU
		{C1BB882F-2B48-46FA-843D-A90372EEE76A}.Debug|x86.ActiveCfg = Debug|Any CPU
		{C1BB882F-2B48-46FA-843D-A90372EEE76A}.Release|Any CPU.ActiveCfg = Release|Any CPU
		{C1BB882F-2B48-46FA-843D-A90372EEE76A}.Release|Any CPU.Build.0 = Release|Any CPU
		{C1BB882F-2B48-46FA-843D-A90372EEE76A}.Release|Mixed Platforms.ActiveCfg = Release|Any CPU
		{C1BB882F-2B48-46FA-843D-A90372EEE76A}.Release|Mixed Platforms.Build.0 = Release|Any CPU
		{C1BB882F-2B48-46FA-843D-A90372EEE76A}.Release|x86.ActiveCfg = Release|Any CPU
		{F11FDD73-1A22-4D3A-871D-B6132717530B}.Debug|Any CPU.ActiveCfg = Debug|Any CPU
		{F11FDD73-1A22-4D3A-871D-B6132717530B}.Debug|Any CPU.Build.0 = Debug|Any CPU
		{F11FDD73-1A22-4D3A-871D-B6132717530B}.Debug|Mixed Platforms.ActiveCfg = Debug|Any CPU
		{F11FDD73-1A22-4D3A-871D-B6132717530B}.Debug|Mixed Platforms.Build.0 = Debug|Any CPU
		{F11FDD73-1A22-4D3A-871D-B6132717530B}.Debug|x86.ActiveCfg = Debug|Any CPU
		{F11FDD73-1A22-4D3A-871D-B6132717530B}.Release|Any CPU.ActiveCfg = Release|Any CPU
		{F11FDD73-1A22-4D3A-871D-B6132717530B}.Release|Any CPU.Build.0 = Release|Any CPU
		{F11FDD73-1A22-4D3A-871D-B6132717530B}.Release|Mixed Platforms.ActiveCfg = Release|Any CPU
		{F11FDD73-1A22-4D3A-871D-B6132717530B}.Release|Mixed Platforms.Build.0 = Release|Any CPU
		{F11FDD73-1A22-4D3A-871D-B6132717530B}.Release|x86.ActiveCfg = Release|Any CPU
		{9C5DF692-59D5-4B67-B42A-217C18BA8AA6}.Debug|Any CPU.ActiveCfg = Debug|x86
		{9C5DF692-59D5-4B67-B42A-217C18BA8AA6}.Debug|Mixed Platforms.ActiveCfg = Debug|x86
		{9C5DF692-59D5-4B67-B42A-217C18BA8AA6}.Debug|Mixed Platforms.Build.0 = Debug|x86
		{9C5DF692-59D5-4B67-B42A-217C18BA8AA6}.Debug|x86.ActiveCfg = Debug|x86
		{9C5DF692-59D5-4B67-B42A-217C18BA8AA6}.Debug|x86.Build.0 = Debug|x86
		{9C5DF692-59D5-4B67-B42A-217C18BA8AA6}.Release|Any CPU.ActiveCfg = Release|x86
		{9C5DF692-59D5-4B67-B42A-217C18BA8AA6}.Release|Mixed Platforms.ActiveCfg = Release|x86
		{9C5DF692-59D5-4B67-B42A-217C18BA8AA6}.Release|Mixed Platforms.Build.0 = Release|x86
		{9C5DF692-59D5-4B67-B42A-217C18BA8AA6}.Release|x86.ActiveCfg = Release|x86
		{9C5DF692-59D5-4B67-B42A-217C18BA8AA6}.Release|x86.Build.0 = Release|x86
		{15B3E0D2-6217-493A-A690-158C497F5318}.Debug|Any CPU.ActiveCfg = Debug|Any CPU
		{15B3E0D2-6217-493A-A690-158C497F5318}.Debug|Any CPU.Build.0 = Debug|Any CPU
		{15B3E0D2-6217-493A-A690-158C497F5318}.Debug|Mixed Platforms.ActiveCfg = Debug|Any CPU
		{15B3E0D2-6217-493A-A690-158C497F5318}.Debug|Mixed Platforms.Build.0 = Debug|Any CPU
		{15B3E0D2-6217-493A-A690-158C497F5318}.Debug|x86.ActiveCfg = Debug|Any CPU
		{15B3E0D2-6217-493A-A690-158C497F5318}.Release|Any CPU.ActiveCfg = Release|Any CPU
		{15B3E0D2-6217-493A-A690-158C497F5318}.Release|Any CPU.Build.0 = Release|Any CPU
		{15B3E0D2-6217-493A-A690-158C497F5318}.Release|Mixed Platforms.ActiveCfg = Release|Any CPU
		{15B3E0D2-6217-493A-A690-158C497F5318}.Release|Mixed Platforms.Build.0 = Release|Any CPU
		{15B3E0D2-6217-493A-A690-158C497F5318}.Release|x86.ActiveCfg = Release|Any CPU
		{167CF360-E5D5-498C-B09B-E4B333DA500D}.Debug|Any CPU.ActiveCfg = Debug|x86
		{167CF360-E5D5-498C-B09B-E4B333DA500D}.Debug|Mixed Platforms.ActiveCfg = Debug|x86
		{167CF360-E5D5-498C-B09B-E4B333DA500D}.Debug|Mixed Platforms.Build.0 = Debug|x86
		{167CF360-E5D5-498C-B09B-E4B333DA500D}.Debug|x86.ActiveCfg = Debug|x86
		{167CF360-E5D5-498C-B09B-E4B333DA500D}.Debug|x86.Build.0 = Debug|x86
		{167CF360-E5D5-498C-B09B-E4B333DA500D}.Release|Any CPU.ActiveCfg = Release|x86
		{167CF360-E5D5-498C-B09B-E4B333DA500D}.Release|Mixed Platforms.ActiveCfg = Release|x86
		{167CF360-E5D5-498C-B09B-E4B333DA500D}.Release|Mixed Platforms.Build.0 = Release|x86
		{167CF360-E5D5-498C-B09B-E4B333DA500D}.Release|x86.ActiveCfg = Release|x86
		{167CF360-E5D5-498C-B09B-E4B333DA500D}.Release|x86.Build.0 = Release|x86
		{3C274BA4-8605-4871-8655-82134905F9E2}.Debug|Any CPU.ActiveCfg = Debug|Any CPU
		{3C274BA4-8605-4871-8655-82134905F9E2}.Debug|Any CPU.Build.0 = Debug|Any CPU
		{3C274BA4-8605-4871-8655-82134905F9E2}.Debug|Mixed Platforms.ActiveCfg = Debug|Any CPU
		{3C274BA4-8605-4871-8655-82134905F9E2}.Debug|Mixed Platforms.Build.0 = Debug|Any CPU
		{3C274BA4-8605-4871-8655-82134905F9E2}.Debug|x86.ActiveCfg = Debug|Any CPU
		{3C274BA4-8605-4871-8655-82134905F9E2}.Release|Any CPU.ActiveCfg = Release|Any CPU
		{3C274BA4-8605-4871-8655-82134905F9E2}.Release|Any CPU.Build.0 = Release|Any CPU
		{3C274BA4-8605-4871-8655-82134905F9E2}.Release|Mixed Platforms.ActiveCfg = Release|Any CPU
		{3C274BA4-8605-4871-8655-82134905F9E2}.Release|Mixed Platforms.Build.0 = Release|Any CPU
		{3C274BA4-8605-4871-8655-82134905F9E2}.Release|x86.ActiveCfg = Release|Any CPU
		{8D93F600-F0AF-42F6-BB9C-647F5164B595}.Debug|Any CPU.ActiveCfg = Debug|x86
		{8D93F600-F0AF-42F6-BB9C-647F5164B595}.Debug|Mixed Platforms.ActiveCfg = Debug|x86
		{8D93F600-F0AF-42F6-BB9C-647F5164B595}.Debug|Mixed Platforms.Build.0 = Debug|x86
		{8D93F600-F0AF-42F6-BB9C-647F5164B595}.Debug|x86.ActiveCfg = Debug|x86
		{8D93F600-F0AF-42F6-BB9C-647F5164B595}.Debug|x86.Build.0 = Debug|x86
		{8D93F600-F0AF-42F6-BB9C-647F5164B595}.Release|Any CPU.ActiveCfg = Release|x86
		{8D93F600-F0AF-42F6-BB9C-647F5164B595}.Release|Mixed Platforms.ActiveCfg = Release|x86
		{8D93F600-F0AF-42F6-BB9C-647F5164B595}.Release|Mixed Platforms.Build.0 = Release|x86
		{8D93F600-F0AF-42F6-BB9C-647F5164B595}.Release|x86.ActiveCfg = Release|x86
		{8D93F600-F0AF-42F6-BB9C-647F5164B595}.Release|x86.Build.0 = Release|x86
		{D0D08B3E-6879-4A91-98A8-8AB15F7E22EA}.Debug|Any CPU.ActiveCfg = Debug|Any CPU
		{D0D08B3E-6879-4A91-98A8-8AB15F7E22EA}.Debug|Any CPU.Build.0 = Debug|Any CPU
		{D0D08B3E-6879-4A91-98A8-8AB15F7E22EA}.Debug|Mixed Platforms.ActiveCfg = Debug|Any CPU
		{D0D08B3E-6879-4A91-98A8-8AB15F7E22EA}.Debug|Mixed Platforms.Build.0 = Debug|Any CPU
		{D0D08B3E-6879-4A91-98A8-8AB15F7E22EA}.Debug|x86.ActiveCfg = Debug|Any CPU
		{D0D08B3E-6879-4A91-98A8-8AB15F7E22EA}.Release|Any CPU.ActiveCfg = Release|Any CPU
		{D0D08B3E-6879-4A91-98A8-8AB15F7E22EA}.Release|Any CPU.Build.0 = Release|Any CPU
		{D0D08B3E-6879-4A91-98A8-8AB15F7E22EA}.Release|Mixed Platforms.ActiveCfg = Release|Any CPU
		{D0D08B3E-6879-4A91-98A8-8AB15F7E22EA}.Release|Mixed Platforms.Build.0 = Release|Any CPU
		{D0D08B3E-6879-4A91-98A8-8AB15F7E22EA}.Release|x86.ActiveCfg = Release|Any CPU
		{00A7096D-2188-4B66-910C-379A0EF38067}.Debug|Any CPU.ActiveCfg = Debug|x86
		{00A7096D-2188-4B66-910C-379A0EF38067}.Debug|Mixed Platforms.ActiveCfg = Debug|x86
		{00A7096D-2188-4B66-910C-379A0EF38067}.Debug|Mixed Platforms.Build.0 = Debug|x86
		{00A7096D-2188-4B66-910C-379A0EF38067}.Debug|x86.ActiveCfg = Debug|x86
		{00A7096D-2188-4B66-910C-379A0EF38067}.Debug|x86.Build.0 = Debug|x86
		{00A7096D-2188-4B66-910C-379A0EF38067}.Release|Any CPU.ActiveCfg = Release|x86
		{00A7096D-2188-4B66-910C-379A0EF38067}.Release|Mixed Platforms.ActiveCfg = Release|x86
		{00A7096D-2188-4B66-910C-379A0EF38067}.Release|Mixed Platforms.Build.0 = Release|x86
		{00A7096D-2188-4B66-910C-379A0EF38067}.Release|x86.ActiveCfg = Release|x86
		{00A7096D-2188-4B66-910C-379A0EF38067}.Release|x86.Build.0 = Release|x86
		{77B60835-2875-4218-944B-2E41C647996C}.Debug|Any CPU.ActiveCfg = Debug|x86
		{77B60835-2875-4218-944B-2E41C647996C}.Debug|Mixed Platforms.ActiveCfg = Debug|x86
		{77B60835-2875-4218-944B-2E41C647996C}.Debug|Mixed Platforms.Build.0 = Debug|x86
		{77B60835-2875-4218-944B-2E41C647996C}.Debug|x86.ActiveCfg = Debug|x86
		{77B60835-2875-4218-944B-2E41C647996C}.Debug|x86.Build.0 = Debug|x86
		{77B60835-2875-4218-944B-2E41C647996C}.Release|Any CPU.ActiveCfg = Release|x86
		{77B60835-2875-4218-944B-2E41C647996C}.Release|Mixed Platforms.ActiveCfg = Release|x86
		{77B60835-2875-4218-944B-2E41C647996C}.Release|Mixed Platforms.Build.0 = Release|x86
		{77B60835-2875-4218-944B-2E41C647996C}.Release|x86.ActiveCfg = Release|x86
		{77B60835-2875-4218-944B-2E41C647996C}.Release|x86.Build.0 = Release|x86
		{5A49080A-BB05-4708-B3D2-58AAC7C98DFF}.Debug|Any CPU.ActiveCfg = Debug|x86
		{5A49080A-BB05-4708-B3D2-58AAC7C98DFF}.Debug|Mixed Platforms.ActiveCfg = Debug|x86
		{5A49080A-BB05-4708-B3D2-58AAC7C98DFF}.Debug|Mixed Platforms.Build.0 = Debug|x86
		{5A49080A-BB05-4708-B3D2-58AAC7C98DFF}.Debug|x86.ActiveCfg = Debug|x86
		{5A49080A-BB05-4708-B3D2-58AAC7C98DFF}.Debug|x86.Build.0 = Debug|x86
		{5A49080A-BB05-4708-B3D2-58AAC7C98DFF}.Release|Any CPU.ActiveCfg = Release|x86
		{5A49080A-BB05-4708-B3D2-58AAC7C98DFF}.Release|Mixed Platforms.ActiveCfg = Release|x86
		{5A49080A-BB05-4708-B3D2-58AAC7C98DFF}.Release|Mixed Platforms.Build.0 = Release|x86
		{5A49080A-BB05-4708-B3D2-58AAC7C98DFF}.Release|x86.ActiveCfg = Release|x86
		{5A49080A-BB05-4708-B3D2-58AAC7C98DFF}.Release|x86.Build.0 = Release|x86
		{2EBEB47E-1810-4430-953F-010A623F8F6A}.Debug|Any CPU.ActiveCfg = Debug|x86
		{2EBEB47E-1810-4430-953F-010A623F8F6A}.Debug|Mixed Platforms.ActiveCfg = Debug|x86
		{2EBEB47E-1810-4430-953F-010A623F8F6A}.Debug|Mixed Platforms.Build.0 = Debug|x86
		{2EBEB47E-1810-4430-953F-010A623F8F6A}.Debug|x86.ActiveCfg = Debug|x86
		{2EBEB47E-1810-4430-953F-010A623F8F6A}.Debug|x86.Build.0 = Debug|x86
		{2EBEB47E-1810-4430-953F-010A623F8F6A}.Release|Any CPU.ActiveCfg = Release|x86
		{2EBEB47E-1810-4430-953F-010A623F8F6A}.Release|Mixed Platforms.ActiveCfg = Release|x86
		{2EBEB47E-1810-4430-953F-010A623F8F6A}.Release|Mixed Platforms.Build.0 = Release|x86
		{2EBEB47E-1810-4430-953F-010A623F8F6A}.Release|x86.ActiveCfg = Release|x86
		{2EBEB47E-1810-4430-953F-010A623F8F6A}.Release|x86.Build.0 = Release|x86
		{5DFFDFA9-7F2F-4CD1-B0DA-DFFF236140B8}.Debug|Any CPU.ActiveCfg = Debug|x86
		{5DFFDFA9-7F2F-4CD1-B0DA-DFFF236140B8}.Debug|Mixed Platforms.ActiveCfg = Debug|x86
		{5DFFDFA9-7F2F-4CD1-B0DA-DFFF236140B8}.Debug|Mixed Platforms.Build.0 = Debug|x86
		{5DFFDFA9-7F2F-4CD1-B0DA-DFFF236140B8}.Debug|x86.ActiveCfg = Debug|x86
		{5DFFDFA9-7F2F-4CD1-B0DA-DFFF236140B8}.Debug|x86.Build.0 = Debug|x86
		{5DFFDFA9-7F2F-4CD1-B0DA-DFFF236140B8}.Release|Any CPU.ActiveCfg = Release|x86
		{5DFFDFA9-7F2F-4CD1-B0DA-DFFF236140B8}.Release|Mixed Platforms.ActiveCfg = Release|x86
		{5DFFDFA9-7F2F-4CD1-B0DA-DFFF236140B8}.Release|Mixed Platforms.Build.0 = Release|x86
		{5DFFDFA9-7F2F-4CD1-B0DA-DFFF236140B8}.Release|x86.ActiveCfg = Release|x86
		{5DFFDFA9-7F2F-4CD1-B0DA-DFFF236140B8}.Release|x86.Build.0 = Release|x86
		{231BA794-AE8D-4A37-A283-245800D498BB}.Debug|Any CPU.ActiveCfg = Debug|x86
		{231BA794-AE8D-4A37-A283-245800D498BB}.Debug|Mixed Platforms.ActiveCfg = Debug|x86
		{231BA794-AE8D-4A37-A283-245800D498BB}.Debug|Mixed Platforms.Build.0 = Debug|x86
		{231BA794-AE8D-4A37-A283-245800D498BB}.Debug|x86.ActiveCfg = Debug|x86
		{231BA794-AE8D-4A37-A283-245800D498BB}.Debug|x86.Build.0 = Debug|x86
		{231BA794-AE8D-4A37-A283-245800D498BB}.Release|Any CPU.ActiveCfg = Release|x86
		{231BA794-AE8D-4A37-A283-245800D498BB}.Release|Mixed Platforms.ActiveCfg = Release|x86
		{231BA794-AE8D-4A37-A283-245800D498BB}.Release|Mixed Platforms.Build.0 = Release|x86
		{231BA794-AE8D-4A37-A283-245800D498BB}.Release|x86.ActiveCfg = Release|x86
		{231BA794-AE8D-4A37-A283-245800D498BB}.Release|x86.Build.0 = Release|x86
		{76CC3CAE-D289-476D-837D-2732DA8967F8}.Debug|Any CPU.ActiveCfg = Debug|x86
		{76CC3CAE-D289-476D-837D-2732DA8967F8}.Debug|Mixed Platforms.ActiveCfg = Debug|x86
		{76CC3CAE-D289-476D-837D-2732DA8967F8}.Debug|Mixed Platforms.Build.0 = Debug|x86
		{76CC3CAE-D289-476D-837D-2732DA8967F8}.Debug|x86.ActiveCfg = Debug|x86
		{76CC3CAE-D289-476D-837D-2732DA8967F8}.Debug|x86.Build.0 = Debug|x86
		{76CC3CAE-D289-476D-837D-2732DA8967F8}.Release|Any CPU.ActiveCfg = Release|x86
		{76CC3CAE-D289-476D-837D-2732DA8967F8}.Release|Mixed Platforms.ActiveCfg = Release|x86
		{76CC3CAE-D289-476D-837D-2732DA8967F8}.Release|Mixed Platforms.Build.0 = Release|x86
		{76CC3CAE-D289-476D-837D-2732DA8967F8}.Release|x86.ActiveCfg = Release|x86
		{76CC3CAE-D289-476D-837D-2732DA8967F8}.Release|x86.Build.0 = Release|x86
	EndGlobalSection
	GlobalSection(SolutionProperties) = preSolution
		HideSolutionNode = FALSE
	EndGlobalSection
	GlobalSection(NestedProjects) = preSolution
		{1387AC21-0A31-4D96-8064-916E267FD3EC} = {8D885953-57F8-4A10-8683-8F5481001C08}
		{BA1F07DA-F9E7-4995-B41A-CAC86C4368E9} = {1B0DFB9D-A223-4ECB-86EE-F286C14BFD60}
		{222FAA23-16EF-4E41-AA74-65AF1AA1115B} = {1B0DFB9D-A223-4ECB-86EE-F286C14BFD60}
		{44921A61-498F-4E97-8841-0C85E8F2C9A1} = {272A097E-CC63-497C-87AE-0B0202A2D0F4}
		{9F5BDACA-6F40-4F67-920E-2CA654566EC8} = {272A097E-CC63-497C-87AE-0B0202A2D0F4}
		{FF95EFA8-53B4-402B-8489-0B9300BEE1AF} = {272A097E-CC63-497C-87AE-0B0202A2D0F4}
		{93AC4727-8FD9-40BC-AD93-17EC2702F7D3} = {272A097E-CC63-497C-87AE-0B0202A2D0F4}
		{96675822-02E1-4940-97F3-9087C2939DAC} = {44921A61-498F-4E97-8841-0C85E8F2C9A1}
		{234C140A-339F-4775-808D-5E07E68E1DE2} = {44921A61-498F-4E97-8841-0C85E8F2C9A1}
		{70B1EC7E-3827-4DE4-A7AD-A7066123DF0F} = {9F5BDACA-6F40-4F67-920E-2CA654566EC8}
		{BB5B783F-4CAB-48BE-9249-C49B3140C429} = {9F5BDACA-6F40-4F67-920E-2CA654566EC8}
		{DA536598-41DA-4F66-B9CE-FDCD85AEB36A} = {FF95EFA8-53B4-402B-8489-0B9300BEE1AF}
		{5E45618E-0479-401B-AF3A-057C0A9DBC6A} = {FF95EFA8-53B4-402B-8489-0B9300BEE1AF}
		{32F34DAF-89E6-4544-8D4D-791ACE54A4C1} = {93AC4727-8FD9-40BC-AD93-17EC2702F7D3}
		{C1763D83-E1F5-4014-8FEB-DF20F6437D28} = {93AC4727-8FD9-40BC-AD93-17EC2702F7D3}
		{9B403B72-AD56-477D-9ED3-5A6EBBD94D81} = {55A59AEF-C7C7-4E08-B554-80532A7A9B54}
		{4B1D937E-D87E-4DE3-849D-74C7A3117A8E} = {55A59AEF-C7C7-4E08-B554-80532A7A9B54}
		{66665541-89C5-497F-99A1-A9361B3C05A3} = {55A59AEF-C7C7-4E08-B554-80532A7A9B54}
		{B117C72B-26CF-4B86-B9B5-25CEFFAD1583} = {55A59AEF-C7C7-4E08-B554-80532A7A9B54}
		{DC1E8F06-A726-45B4-8FFE-AA52A8C380FA} = {55A59AEF-C7C7-4E08-B554-80532A7A9B54}
		{8F0D6AFA-D7C7-4884-AE40-634CEA0D7FE0} = {55A59AEF-C7C7-4E08-B554-80532A7A9B54}
		{4BE8EAB6-1AE5-4D19-BB96-448567BAA1BC} = {542F9A76-7D4C-4E3C-A451-13F7EAB5FF89}
		{5F8A3C24-3641-4133-A0F1-99C09D6B8EB8} = {0EA307B7-50E5-4CDB-A1B8-446D9021E057}
		{9B9BCFBF-3DAB-4A86-B3FA-E83632839B5A} = {4758E9EA-48F4-4CF0-BA7B-9F9FDBB9D596}
		{FFA0063F-1AAE-4384-98ED-368A1FC45333} = {48B38BE6-B757-4EE6-A5FE-C6657BE60086}
		{36620B1E-9BD8-4607-978B-1868C3E164C1} = {AA433ADD-A698-47F3-B0B6-5BBA8B694E7F}
		{44D580C6-0BA4-4F83-98E7-903F4E0EC917} = {1387AC21-0A31-4D96-8064-916E267FD3EC}
		{27152650-E545-4195-85D2-68AAE5F13025} = {BA1F07DA-F9E7-4995-B41A-CAC86C4368E9}
		{C1BB882F-2B48-46FA-843D-A90372EEE76A} = {222FAA23-16EF-4E41-AA74-65AF1AA1115B}
		{F11FDD73-1A22-4D3A-871D-B6132717530B} = {96675822-02E1-4940-97F3-9087C2939DAC}
		{9C5DF692-59D5-4B67-B42A-217C18BA8AA6} = {234C140A-339F-4775-808D-5E07E68E1DE2}
		{15B3E0D2-6217-493A-A690-158C497F5318} = {70B1EC7E-3827-4DE4-A7AD-A7066123DF0F}
		{167CF360-E5D5-498C-B09B-E4B333DA500D} = {BB5B783F-4CAB-48BE-9249-C49B3140C429}
		{3C274BA4-8605-4871-8655-82134905F9E2} = {DA536598-41DA-4F66-B9CE-FDCD85AEB36A}
		{8D93F600-F0AF-42F6-BB9C-647F5164B595} = {5E45618E-0479-401B-AF3A-057C0A9DBC6A}
		{D0D08B3E-6879-4A91-98A8-8AB15F7E22EA} = {32F34DAF-89E6-4544-8D4D-791ACE54A4C1}
		{00A7096D-2188-4B66-910C-379A0EF38067} = {C1763D83-E1F5-4014-8FEB-DF20F6437D28}
		{77B60835-2875-4218-944B-2E41C647996C} = {9B403B72-AD56-477D-9ED3-5A6EBBD94D81}
		{5A49080A-BB05-4708-B3D2-58AAC7C98DFF} = {4B1D937E-D87E-4DE3-849D-74C7A3117A8E}
		{2EBEB47E-1810-4430-953F-010A623F8F6A} = {66665541-89C5-497F-99A1-A9361B3C05A3}
		{5DFFDFA9-7F2F-4CD1-B0DA-DFFF236140B8} = {B117C72B-26CF-4B86-B9B5-25CEFFAD1583}
		{231BA794-AE8D-4A37-A283-245800D498BB} = {DC1E8F06-A726-45B4-8FFE-AA52A8C380FA}
		{76CC3CAE-D289-476D-837D-2732DA8967F8} = {8F0D6AFA-D7C7-4884-AE40-634CEA0D7FE0}
	EndGlobalSection
EndGlobal
